
Microsoft Visual Studio Solution File, Format Version 12.00
# Visual Studio 15
VisualStudioVersion = 15.0.27004.2010
MinimumVisualStudioVersion = 10.0.40219.1
Project("{FAE04EC0-301F-11D3-BF4B-00C04F79EFBC}") = "ElevenNote.Web", "ElevenNote.Web\ElevenNote.Web.csproj", "{AC97D4E3-F17B-467B-98A0-149FF469CBD6}"
EndProject
Project("{FAE04EC0-301F-11D3-BF4B-00C04F79EFBC}") = "ElevenNote.Services", "ElevenNote.Services\ElevenNote.Services.csproj", "{0A31EF57-EA37-4CD3-9A45-21A7A0979F5C}"
EndProject
Project("{FAE04EC0-301F-11D3-BF4B-00C04F79EFBC}") = "ElevenNote.Models", "ElevenNote.Models\ElevenNote.Models.csproj", "{934B65EF-BB89-4538-A573-8019CD57282A}"
EndProject
Project("{FAE04EC0-301F-11D3-BF4B-00C04F79EFBC}") = "ElevenNote.Data", "ElevenNote.Data\ElevenNote.Data.csproj", "{3EE8C27C-DF4B-48CA-A470-CCF22114F8F8}"
EndProject
Project("{FAE04EC0-301F-11D3-BF4B-00C04F79EFBC}") = "ElevenNote.WebApi", "ElevenNote.WebApi\ElevenNote.WebApi.csproj", "{CAF8883E-FAD1-4333-8184-215FBE0175B7}"
EndProject
Project("{D954291E-2A0B-460D-934E-DC6B0785DB48}") = "ElevenNoteMobileApp", "ElevenNoteMobileApp\ElevenNoteMobileApp\ElevenNoteMobileApp.shproj", "{AFA4C9E9-19B3-4965-9EA7-3F83C6DD9188}"
EndProject
Project("{FAE04EC0-301F-11D3-BF4B-00C04F79EFBC}") = "ElevenNoteMobileApp.Android", "ElevenNoteMobileApp\ElevenNoteMobileApp.Android\ElevenNoteMobileApp.Android.csproj", "{1E65227D-8CDB-410B-B2A3-EDA07FCAC8C9}"
EndProject
Project("{FAE04EC0-301F-11D3-BF4B-00C04F79EFBC}") = "ElevenNoteMobileApp.iOS", "ElevenNoteMobileApp\ElevenNoteMobileApp.iOS\ElevenNoteMobileApp.iOS.csproj", "{E28ECE3A-889B-4390-B5EC-52E850106E36}"
EndProject
Global
	GlobalSection(SharedMSBuildProjectFiles) = preSolution
		ElevenNoteMobileApp\ElevenNoteMobileApp\ElevenNoteMobileApp.projitems*{1e65227d-8cdb-410b-b2a3-eda07fcac8c9}*SharedItemsImports = 4
		ElevenNoteMobileApp\ElevenNoteMobileApp\ElevenNoteMobileApp.projitems*{afa4c9e9-19b3-4965-9ea7-3f83c6dd9188}*SharedItemsImports = 13
		ElevenNoteMobileApp\ElevenNoteMobileApp\ElevenNoteMobileApp.projitems*{e28ece3a-889b-4390-b5ec-52e850106e36}*SharedItemsImports = 4
	EndGlobalSection
	GlobalSection(SolutionConfigurationPlatforms) = preSolution
		Ad-Hoc|Any CPU = Ad-Hoc|Any CPU
		Ad-Hoc|ARM = Ad-Hoc|ARM
		Ad-Hoc|iPhone = Ad-Hoc|iPhone
		Ad-Hoc|iPhoneSimulator = Ad-Hoc|iPhoneSimulator
		Ad-Hoc|x64 = Ad-Hoc|x64
		Ad-Hoc|x86 = Ad-Hoc|x86
		AppStore|Any CPU = AppStore|Any CPU
		AppStore|ARM = AppStore|ARM
		AppStore|iPhone = AppStore|iPhone
		AppStore|iPhoneSimulator = AppStore|iPhoneSimulator
		AppStore|x64 = AppStore|x64
		AppStore|x86 = AppStore|x86
		Debug|Any CPU = Debug|Any CPU
		Debug|ARM = Debug|ARM
		Debug|iPhone = Debug|iPhone
		Debug|iPhoneSimulator = Debug|iPhoneSimulator
		Debug|x64 = Debug|x64
		Debug|x86 = Debug|x86
		Release|Any CPU = Release|Any CPU
		Release|ARM = Release|ARM
		Release|iPhone = Release|iPhone
		Release|iPhoneSimulator = Release|iPhoneSimulator
		Release|x64 = Release|x64
		Release|x86 = Release|x86
	EndGlobalSection
	GlobalSection(ProjectConfigurationPlatforms) = postSolution
		{AC97D4E3-F17B-467B-98A0-149FF469CBD6}.Ad-Hoc|Any CPU.ActiveCfg = Release|Any CPU
		{AC97D4E3-F17B-467B-98A0-149FF469CBD6}.Ad-Hoc|Any CPU.Build.0 = Release|Any CPU
		{AC97D4E3-F17B-467B-98A0-149FF469CBD6}.Ad-Hoc|ARM.ActiveCfg = Release|Any CPU
		{AC97D4E3-F17B-467B-98A0-149FF469CBD6}.Ad-Hoc|ARM.Build.0 = Release|Any CPU
		{AC97D4E3-F17B-467B-98A0-149FF469CBD6}.Ad-Hoc|iPhone.ActiveCfg = Release|Any CPU
		{AC97D4E3-F17B-467B-98A0-149FF469CBD6}.Ad-Hoc|iPhone.Build.0 = Release|Any CPU
		{AC97D4E3-F17B-467B-98A0-149FF469CBD6}.Ad-Hoc|iPhoneSimulator.ActiveCfg = Release|Any CPU
		{AC97D4E3-F17B-467B-98A0-149FF469CBD6}.Ad-Hoc|iPhoneSimulator.Build.0 = Release|Any CPU
		{AC97D4E3-F17B-467B-98A0-149FF469CBD6}.Ad-Hoc|x64.ActiveCfg = Release|Any CPU
		{AC97D4E3-F17B-467B-98A0-149FF469CBD6}.Ad-Hoc|x64.Build.0 = Release|Any CPU
		{AC97D4E3-F17B-467B-98A0-149FF469CBD6}.Ad-Hoc|x86.ActiveCfg = Release|Any CPU
		{AC97D4E3-F17B-467B-98A0-149FF469CBD6}.Ad-Hoc|x86.Build.0 = Release|Any CPU
		{AC97D4E3-F17B-467B-98A0-149FF469CBD6}.AppStore|Any CPU.ActiveCfg = Release|Any CPU
		{AC97D4E3-F17B-467B-98A0-149FF469CBD6}.AppStore|Any CPU.Build.0 = Release|Any CPU
		{AC97D4E3-F17B-467B-98A0-149FF469CBD6}.AppStore|ARM.ActiveCfg = Release|Any CPU
		{AC97D4E3-F17B-467B-98A0-149FF469CBD6}.AppStore|ARM.Build.0 = Release|Any CPU
		{AC97D4E3-F17B-467B-98A0-149FF469CBD6}.AppStore|iPhone.ActiveCfg = Release|Any CPU
		{AC97D4E3-F17B-467B-98A0-149FF469CBD6}.AppStore|iPhone.Build.0 = Release|Any CPU
		{AC97D4E3-F17B-467B-98A0-149FF469CBD6}.AppStore|iPhoneSimulator.ActiveCfg = Release|Any CPU
		{AC97D4E3-F17B-467B-98A0-149FF469CBD6}.AppStore|iPhoneSimulator.Build.0 = Release|Any CPU
		{AC97D4E3-F17B-467B-98A0-149FF469CBD6}.AppStore|x64.ActiveCfg = Release|Any CPU
		{AC97D4E3-F17B-467B-98A0-149FF469CBD6}.AppStore|x64.Build.0 = Release|Any CPU
		{AC97D4E3-F17B-467B-98A0-149FF469CBD6}.AppStore|x86.ActiveCfg = Release|Any CPU
		{AC97D4E3-F17B-467B-98A0-149FF469CBD6}.AppStore|x86.Build.0 = Release|Any CPU
		{AC97D4E3-F17B-467B-98A0-149FF469CBD6}.Debug|Any CPU.ActiveCfg = Debug|Any CPU
		{AC97D4E3-F17B-467B-98A0-149FF469CBD6}.Debug|Any CPU.Build.0 = Debug|Any CPU
		{AC97D4E3-F17B-467B-98A0-149FF469CBD6}.Debug|ARM.ActiveCfg = Debug|Any CPU
		{AC97D4E3-F17B-467B-98A0-149FF469CBD6}.Debug|ARM.Build.0 = Debug|Any CPU
		{AC97D4E3-F17B-467B-98A0-149FF469CBD6}.Debug|iPhone.ActiveCfg = Debug|Any CPU
		{AC97D4E3-F17B-467B-98A0-149FF469CBD6}.Debug|iPhone.Build.0 = Debug|Any CPU
		{AC97D4E3-F17B-467B-98A0-149FF469CBD6}.Debug|iPhoneSimulator.ActiveCfg = Debug|Any CPU
		{AC97D4E3-F17B-467B-98A0-149FF469CBD6}.Debug|iPhoneSimulator.Build.0 = Debug|Any CPU
		{AC97D4E3-F17B-467B-98A0-149FF469CBD6}.Debug|x64.ActiveCfg = Debug|Any CPU
		{AC97D4E3-F17B-467B-98A0-149FF469CBD6}.Debug|x64.Build.0 = Debug|Any CPU
		{AC97D4E3-F17B-467B-98A0-149FF469CBD6}.Debug|x86.ActiveCfg = Debug|Any CPU
		{AC97D4E3-F17B-467B-98A0-149FF469CBD6}.Debug|x86.Build.0 = Debug|Any CPU
		{AC97D4E3-F17B-467B-98A0-149FF469CBD6}.Release|Any CPU.ActiveCfg = Release|Any CPU
		{AC97D4E3-F17B-467B-98A0-149FF469CBD6}.Release|Any CPU.Build.0 = Release|Any CPU
		{AC97D4E3-F17B-467B-98A0-149FF469CBD6}.Release|ARM.ActiveCfg = Release|Any CPU
		{AC97D4E3-F17B-467B-98A0-149FF469CBD6}.Release|ARM.Build.0 = Release|Any CPU
		{AC97D4E3-F17B-467B-98A0-149FF469CBD6}.Release|iPhone.ActiveCfg = Release|Any CPU
		{AC97D4E3-F17B-467B-98A0-149FF469CBD6}.Release|iPhone.Build.0 = Release|Any CPU
		{AC97D4E3-F17B-467B-98A0-149FF469CBD6}.Release|iPhoneSimulator.ActiveCfg = Release|Any CPU
		{AC97D4E3-F17B-467B-98A0-149FF469CBD6}.Release|iPhoneSimulator.Build.0 = Release|Any CPU
		{AC97D4E3-F17B-467B-98A0-149FF469CBD6}.Release|x64.ActiveCfg = Release|Any CPU
		{AC97D4E3-F17B-467B-98A0-149FF469CBD6}.Release|x64.Build.0 = Release|Any CPU
		{AC97D4E3-F17B-467B-98A0-149FF469CBD6}.Release|x86.ActiveCfg = Release|Any CPU
		{AC97D4E3-F17B-467B-98A0-149FF469CBD6}.Release|x86.Build.0 = Release|Any CPU
		{0A31EF57-EA37-4CD3-9A45-21A7A0979F5C}.Ad-Hoc|Any CPU.ActiveCfg = Release|Any CPU
		{0A31EF57-EA37-4CD3-9A45-21A7A0979F5C}.Ad-Hoc|Any CPU.Build.0 = Release|Any CPU
		{0A31EF57-EA37-4CD3-9A45-21A7A0979F5C}.Ad-Hoc|ARM.ActiveCfg = Release|Any CPU
		{0A31EF57-EA37-4CD3-9A45-21A7A0979F5C}.Ad-Hoc|ARM.Build.0 = Release|Any CPU
		{0A31EF57-EA37-4CD3-9A45-21A7A0979F5C}.Ad-Hoc|iPhone.ActiveCfg = Release|Any CPU
		{0A31EF57-EA37-4CD3-9A45-21A7A0979F5C}.Ad-Hoc|iPhone.Build.0 = Release|Any CPU
		{0A31EF57-EA37-4CD3-9A45-21A7A0979F5C}.Ad-Hoc|iPhoneSimulator.ActiveCfg = Release|Any CPU
		{0A31EF57-EA37-4CD3-9A45-21A7A0979F5C}.Ad-Hoc|iPhoneSimulator.Build.0 = Release|Any CPU
		{0A31EF57-EA37-4CD3-9A45-21A7A0979F5C}.Ad-Hoc|x64.ActiveCfg = Release|Any CPU
		{0A31EF57-EA37-4CD3-9A45-21A7A0979F5C}.Ad-Hoc|x64.Build.0 = Release|Any CPU
		{0A31EF57-EA37-4CD3-9A45-21A7A0979F5C}.Ad-Hoc|x86.ActiveCfg = Release|Any CPU
		{0A31EF57-EA37-4CD3-9A45-21A7A0979F5C}.Ad-Hoc|x86.Build.0 = Release|Any CPU
		{0A31EF57-EA37-4CD3-9A45-21A7A0979F5C}.AppStore|Any CPU.ActiveCfg = Release|Any CPU
		{0A31EF57-EA37-4CD3-9A45-21A7A0979F5C}.AppStore|Any CPU.Build.0 = Release|Any CPU
		{0A31EF57-EA37-4CD3-9A45-21A7A0979F5C}.AppStore|ARM.ActiveCfg = Release|Any CPU
		{0A31EF57-EA37-4CD3-9A45-21A7A0979F5C}.AppStore|ARM.Build.0 = Release|Any CPU
		{0A31EF57-EA37-4CD3-9A45-21A7A0979F5C}.AppStore|iPhone.ActiveCfg = Release|Any CPU
		{0A31EF57-EA37-4CD3-9A45-21A7A0979F5C}.AppStore|iPhone.Build.0 = Release|Any CPU
		{0A31EF57-EA37-4CD3-9A45-21A7A0979F5C}.AppStore|iPhoneSimulator.ActiveCfg = Release|Any CPU
		{0A31EF57-EA37-4CD3-9A45-21A7A0979F5C}.AppStore|iPhoneSimulator.Build.0 = Release|Any CPU
		{0A31EF57-EA37-4CD3-9A45-21A7A0979F5C}.AppStore|x64.ActiveCfg = Release|Any CPU
		{0A31EF57-EA37-4CD3-9A45-21A7A0979F5C}.AppStore|x64.Build.0 = Release|Any CPU
		{0A31EF57-EA37-4CD3-9A45-21A7A0979F5C}.AppStore|x86.ActiveCfg = Release|Any CPU
		{0A31EF57-EA37-4CD3-9A45-21A7A0979F5C}.AppStore|x86.Build.0 = Release|Any CPU
		{0A31EF57-EA37-4CD3-9A45-21A7A0979F5C}.Debug|Any CPU.ActiveCfg = Debug|Any CPU
		{0A31EF57-EA37-4CD3-9A45-21A7A0979F5C}.Debug|Any CPU.Build.0 = Debug|Any CPU
		{0A31EF57-EA37-4CD3-9A45-21A7A0979F5C}.Debug|ARM.ActiveCfg = Debug|Any CPU
		{0A31EF57-EA37-4CD3-9A45-21A7A0979F5C}.Debug|ARM.Build.0 = Debug|Any CPU
		{0A31EF57-EA37-4CD3-9A45-21A7A0979F5C}.Debug|iPhone.ActiveCfg = Debug|Any CPU
		{0A31EF57-EA37-4CD3-9A45-21A7A0979F5C}.Debug|iPhone.Build.0 = Debug|Any CPU
		{0A31EF57-EA37-4CD3-9A45-21A7A0979F5C}.Debug|iPhoneSimulator.ActiveCfg = Debug|Any CPU
		{0A31EF57-EA37-4CD3-9A45-21A7A0979F5C}.Debug|iPhoneSimulator.Build.0 = Debug|Any CPU
		{0A31EF57-EA37-4CD3-9A45-21A7A0979F5C}.Debug|x64.ActiveCfg = Debug|Any CPU
		{0A31EF57-EA37-4CD3-9A45-21A7A0979F5C}.Debug|x64.Build.0 = Debug|Any CPU
		{0A31EF57-EA37-4CD3-9A45-21A7A0979F5C}.Debug|x86.ActiveCfg = Debug|Any CPU
		{0A31EF57-EA37-4CD3-9A45-21A7A0979F5C}.Debug|x86.Build.0 = Debug|Any CPU
		{0A31EF57-EA37-4CD3-9A45-21A7A0979F5C}.Release|Any CPU.ActiveCfg = Release|Any CPU
		{0A31EF57-EA37-4CD3-9A45-21A7A0979F5C}.Release|Any CPU.Build.0 = Release|Any CPU
		{0A31EF57-EA37-4CD3-9A45-21A7A0979F5C}.Release|ARM.ActiveCfg = Release|Any CPU
		{0A31EF57-EA37-4CD3-9A45-21A7A0979F5C}.Release|ARM.Build.0 = Release|Any CPU
		{0A31EF57-EA37-4CD3-9A45-21A7A0979F5C}.Release|iPhone.ActiveCfg = Release|Any CPU
		{0A31EF57-EA37-4CD3-9A45-21A7A0979F5C}.Release|iPhone.Build.0 = Release|Any CPU
		{0A31EF57-EA37-4CD3-9A45-21A7A0979F5C}.Release|iPhoneSimulator.ActiveCfg = Release|Any CPU
		{0A31EF57-EA37-4CD3-9A45-21A7A0979F5C}.Release|iPhoneSimulator.Build.0 = Release|Any CPU
		{0A31EF57-EA37-4CD3-9A45-21A7A0979F5C}.Release|x64.ActiveCfg = Release|Any CPU
		{0A31EF57-EA37-4CD3-9A45-21A7A0979F5C}.Release|x64.Build.0 = Release|Any CPU
		{0A31EF57-EA37-4CD3-9A45-21A7A0979F5C}.Release|x86.ActiveCfg = Release|Any CPU
		{0A31EF57-EA37-4CD3-9A45-21A7A0979F5C}.Release|x86.Build.0 = Release|Any CPU
		{934B65EF-BB89-4538-A573-8019CD57282A}.Ad-Hoc|Any CPU.ActiveCfg = Release|Any CPU
		{934B65EF-BB89-4538-A573-8019CD57282A}.Ad-Hoc|Any CPU.Build.0 = Release|Any CPU
		{934B65EF-BB89-4538-A573-8019CD57282A}.Ad-Hoc|ARM.ActiveCfg = Release|Any CPU
		{934B65EF-BB89-4538-A573-8019CD57282A}.Ad-Hoc|ARM.Build.0 = Release|Any CPU
		{934B65EF-BB89-4538-A573-8019CD57282A}.Ad-Hoc|iPhone.ActiveCfg = Release|Any CPU
		{934B65EF-BB89-4538-A573-8019CD57282A}.Ad-Hoc|iPhone.Build.0 = Release|Any CPU
		{934B65EF-BB89-4538-A573-8019CD57282A}.Ad-Hoc|iPhoneSimulator.ActiveCfg = Release|Any CPU
		{934B65EF-BB89-4538-A573-8019CD57282A}.Ad-Hoc|iPhoneSimulator.Build.0 = Release|Any CPU
		{934B65EF-BB89-4538-A573-8019CD57282A}.Ad-Hoc|x64.ActiveCfg = Release|Any CPU
		{934B65EF-BB89-4538-A573-8019CD57282A}.Ad-Hoc|x64.Build.0 = Release|Any CPU
		{934B65EF-BB89-4538-A573-8019CD57282A}.Ad-Hoc|x86.ActiveCfg = Release|Any CPU
		{934B65EF-BB89-4538-A573-8019CD57282A}.Ad-Hoc|x86.Build.0 = Release|Any CPU
		{934B65EF-BB89-4538-A573-8019CD57282A}.AppStore|Any CPU.ActiveCfg = Release|Any CPU
		{934B65EF-BB89-4538-A573-8019CD57282A}.AppStore|Any CPU.Build.0 = Release|Any CPU
		{934B65EF-BB89-4538-A573-8019CD57282A}.AppStore|ARM.ActiveCfg = Release|Any CPU
		{934B65EF-BB89-4538-A573-8019CD57282A}.AppStore|ARM.Build.0 = Release|Any CPU
		{934B65EF-BB89-4538-A573-8019CD57282A}.AppStore|iPhone.ActiveCfg = Release|Any CPU
		{934B65EF-BB89-4538-A573-8019CD57282A}.AppStore|iPhone.Build.0 = Release|Any CPU
		{934B65EF-BB89-4538-A573-8019CD57282A}.AppStore|iPhoneSimulator.ActiveCfg = Release|Any CPU
		{934B65EF-BB89-4538-A573-8019CD57282A}.AppStore|iPhoneSimulator.Build.0 = Release|Any CPU
		{934B65EF-BB89-4538-A573-8019CD57282A}.AppStore|x64.ActiveCfg = Release|Any CPU
		{934B65EF-BB89-4538-A573-8019CD57282A}.AppStore|x64.Build.0 = Release|Any CPU
		{934B65EF-BB89-4538-A573-8019CD57282A}.AppStore|x86.ActiveCfg = Release|Any CPU
		{934B65EF-BB89-4538-A573-8019CD57282A}.AppStore|x86.Build.0 = Release|Any CPU
		{934B65EF-BB89-4538-A573-8019CD57282A}.Debug|Any CPU.ActiveCfg = Debug|Any CPU
		{934B65EF-BB89-4538-A573-8019CD57282A}.Debug|Any CPU.Build.0 = Debug|Any CPU
		{934B65EF-BB89-4538-A573-8019CD57282A}.Debug|ARM.ActiveCfg = Debug|Any CPU
		{934B65EF-BB89-4538-A573-8019CD57282A}.Debug|ARM.Build.0 = Debug|Any CPU
		{934B65EF-BB89-4538-A573-8019CD57282A}.Debug|iPhone.ActiveCfg = Debug|Any CPU
		{934B65EF-BB89-4538-A573-8019CD57282A}.Debug|iPhone.Build.0 = Debug|Any CPU
		{934B65EF-BB89-4538-A573-8019CD57282A}.Debug|iPhoneSimulator.ActiveCfg = Debug|Any CPU
		{934B65EF-BB89-4538-A573-8019CD57282A}.Debug|iPhoneSimulator.Build.0 = Debug|Any CPU
		{934B65EF-BB89-4538-A573-8019CD57282A}.Debug|x64.ActiveCfg = Debug|Any CPU
		{934B65EF-BB89-4538-A573-8019CD57282A}.Debug|x64.Build.0 = Debug|Any CPU
		{934B65EF-BB89-4538-A573-8019CD57282A}.Debug|x86.ActiveCfg = Debug|Any CPU
		{934B65EF-BB89-4538-A573-8019CD57282A}.Debug|x86.Build.0 = Debug|Any CPU
		{934B65EF-BB89-4538-A573-8019CD57282A}.Release|Any CPU.ActiveCfg = Release|Any CPU
		{934B65EF-BB89-4538-A573-8019CD57282A}.Release|Any CPU.Build.0 = Release|Any CPU
		{934B65EF-BB89-4538-A573-8019CD57282A}.Release|ARM.ActiveCfg = Release|Any CPU
		{934B65EF-BB89-4538-A573-8019CD57282A}.Release|ARM.Build.0 = Release|Any CPU
		{934B65EF-BB89-4538-A573-8019CD57282A}.Release|iPhone.ActiveCfg = Release|Any CPU
		{934B65EF-BB89-4538-A573-8019CD57282A}.Release|iPhone.Build.0 = Release|Any CPU
		{934B65EF-BB89-4538-A573-8019CD57282A}.Release|iPhoneSimulator.ActiveCfg = Release|Any CPU
		{934B65EF-BB89-4538-A573-8019CD57282A}.Release|iPhoneSimulator.Build.0 = Release|Any CPU
		{934B65EF-BB89-4538-A573-8019CD57282A}.Release|x64.ActiveCfg = Release|Any CPU
		{934B65EF-BB89-4538-A573-8019CD57282A}.Release|x64.Build.0 = Release|Any CPU
		{934B65EF-BB89-4538-A573-8019CD57282A}.Release|x86.ActiveCfg = Release|Any CPU
		{934B65EF-BB89-4538-A573-8019CD57282A}.Release|x86.Build.0 = Release|Any CPU
		{3EE8C27C-DF4B-48CA-A470-CCF22114F8F8}.Ad-Hoc|Any CPU.ActiveCfg = Release|Any CPU
		{3EE8C27C-DF4B-48CA-A470-CCF22114F8F8}.Ad-Hoc|Any CPU.Build.0 = Release|Any CPU
		{3EE8C27C-DF4B-48CA-A470-CCF22114F8F8}.Ad-Hoc|ARM.ActiveCfg = Release|Any CPU
		{3EE8C27C-DF4B-48CA-A470-CCF22114F8F8}.Ad-Hoc|ARM.Build.0 = Release|Any CPU
		{3EE8C27C-DF4B-48CA-A470-CCF22114F8F8}.Ad-Hoc|iPhone.ActiveCfg = Release|Any CPU
		{3EE8C27C-DF4B-48CA-A470-CCF22114F8F8}.Ad-Hoc|iPhone.Build.0 = Release|Any CPU
		{3EE8C27C-DF4B-48CA-A470-CCF22114F8F8}.Ad-Hoc|iPhoneSimulator.ActiveCfg = Release|Any CPU
		{3EE8C27C-DF4B-48CA-A470-CCF22114F8F8}.Ad-Hoc|iPhoneSimulator.Build.0 = Release|Any CPU
		{3EE8C27C-DF4B-48CA-A470-CCF22114F8F8}.Ad-Hoc|x64.ActiveCfg = Release|Any CPU
		{3EE8C27C-DF4B-48CA-A470-CCF22114F8F8}.Ad-Hoc|x64.Build.0 = Release|Any CPU
		{3EE8C27C-DF4B-48CA-A470-CCF22114F8F8}.Ad-Hoc|x86.ActiveCfg = Release|Any CPU
		{3EE8C27C-DF4B-48CA-A470-CCF22114F8F8}.Ad-Hoc|x86.Build.0 = Release|Any CPU
		{3EE8C27C-DF4B-48CA-A470-CCF22114F8F8}.AppStore|Any CPU.ActiveCfg = Release|Any CPU
		{3EE8C27C-DF4B-48CA-A470-CCF22114F8F8}.AppStore|Any CPU.Build.0 = Release|Any CPU
		{3EE8C27C-DF4B-48CA-A470-CCF22114F8F8}.AppStore|ARM.ActiveCfg = Release|Any CPU
		{3EE8C27C-DF4B-48CA-A470-CCF22114F8F8}.AppStore|ARM.Build.0 = Release|Any CPU
		{3EE8C27C-DF4B-48CA-A470-CCF22114F8F8}.AppStore|iPhone.ActiveCfg = Release|Any CPU
		{3EE8C27C-DF4B-48CA-A470-CCF22114F8F8}.AppStore|iPhone.Build.0 = Release|Any CPU
		{3EE8C27C-DF4B-48CA-A470-CCF22114F8F8}.AppStore|iPhoneSimulator.ActiveCfg = Release|Any CPU
		{3EE8C27C-DF4B-48CA-A470-CCF22114F8F8}.AppStore|iPhoneSimulator.Build.0 = Release|Any CPU
		{3EE8C27C-DF4B-48CA-A470-CCF22114F8F8}.AppStore|x64.ActiveCfg = Release|Any CPU
		{3EE8C27C-DF4B-48CA-A470-CCF22114F8F8}.AppStore|x64.Build.0 = Release|Any CPU
		{3EE8C27C-DF4B-48CA-A470-CCF22114F8F8}.AppStore|x86.ActiveCfg = Release|Any CPU
		{3EE8C27C-DF4B-48CA-A470-CCF22114F8F8}.AppStore|x86.Build.0 = Release|Any CPU
		{3EE8C27C-DF4B-48CA-A470-CCF22114F8F8}.Debug|Any CPU.ActiveCfg = Debug|Any CPU
		{3EE8C27C-DF4B-48CA-A470-CCF22114F8F8}.Debug|Any CPU.Build.0 = Debug|Any CPU
		{3EE8C27C-DF4B-48CA-A470-CCF22114F8F8}.Debug|ARM.ActiveCfg = Debug|Any CPU
		{3EE8C27C-DF4B-48CA-A470-CCF22114F8F8}.Debug|ARM.Build.0 = Debug|Any CPU
		{3EE8C27C-DF4B-48CA-A470-CCF22114F8F8}.Debug|iPhone.ActiveCfg = Debug|Any CPU
		{3EE8C27C-DF4B-48CA-A470-CCF22114F8F8}.Debug|iPhone.Build.0 = Debug|Any CPU
		{3EE8C27C-DF4B-48CA-A470-CCF22114F8F8}.Debug|iPhoneSimulator.ActiveCfg = Debug|Any CPU
		{3EE8C27C-DF4B-48CA-A470-CCF22114F8F8}.Debug|iPhoneSimulator.Build.0 = Debug|Any CPU
		{3EE8C27C-DF4B-48CA-A470-CCF22114F8F8}.Debug|x64.ActiveCfg = Debug|Any CPU
		{3EE8C27C-DF4B-48CA-A470-CCF22114F8F8}.Debug|x64.Build.0 = Debug|Any CPU
		{3EE8C27C-DF4B-48CA-A470-CCF22114F8F8}.Debug|x86.ActiveCfg = Debug|Any CPU
		{3EE8C27C-DF4B-48CA-A470-CCF22114F8F8}.Debug|x86.Build.0 = Debug|Any CPU
		{3EE8C27C-DF4B-48CA-A470-CCF22114F8F8}.Release|Any CPU.ActiveCfg = Release|Any CPU
		{3EE8C27C-DF4B-48CA-A470-CCF22114F8F8}.Release|Any CPU.Build.0 = Release|Any CPU
		{3EE8C27C-DF4B-48CA-A470-CCF22114F8F8}.Release|ARM.ActiveCfg = Release|Any CPU
		{3EE8C27C-DF4B-48CA-A470-CCF22114F8F8}.Release|ARM.Build.0 = Release|Any CPU
		{3EE8C27C-DF4B-48CA-A470-CCF22114F8F8}.Release|iPhone.ActiveCfg = Release|Any CPU
		{3EE8C27C-DF4B-48CA-A470-CCF22114F8F8}.Release|iPhone.Build.0 = Release|Any CPU
		{3EE8C27C-DF4B-48CA-A470-CCF22114F8F8}.Release|iPhoneSimulator.ActiveCfg = Release|Any CPU
		{3EE8C27C-DF4B-48CA-A470-CCF22114F8F8}.Release|iPhoneSimulator.Build.0 = Release|Any CPU
		{3EE8C27C-DF4B-48CA-A470-CCF22114F8F8}.Release|x64.ActiveCfg = Release|Any CPU
		{3EE8C27C-DF4B-48CA-A470-CCF22114F8F8}.Release|x64.Build.0 = Release|Any CPU
		{3EE8C27C-DF4B-48CA-A470-CCF22114F8F8}.Release|x86.ActiveCfg = Release|Any CPU
		{3EE8C27C-DF4B-48CA-A470-CCF22114F8F8}.Release|x86.Build.0 = Release|Any CPU
		{CAF8883E-FAD1-4333-8184-215FBE0175B7}.Ad-Hoc|Any CPU.ActiveCfg = Release|Any CPU
		{CAF8883E-FAD1-4333-8184-215FBE0175B7}.Ad-Hoc|Any CPU.Build.0 = Release|Any CPU
		{CAF8883E-FAD1-4333-8184-215FBE0175B7}.Ad-Hoc|ARM.ActiveCfg = Release|Any CPU
		{CAF8883E-FAD1-4333-8184-215FBE0175B7}.Ad-Hoc|ARM.Build.0 = Release|Any CPU
		{CAF8883E-FAD1-4333-8184-215FBE0175B7}.Ad-Hoc|iPhone.ActiveCfg = Release|Any CPU
		{CAF8883E-FAD1-4333-8184-215FBE0175B7}.Ad-Hoc|iPhone.Build.0 = Release|Any CPU
		{CAF8883E-FAD1-4333-8184-215FBE0175B7}.Ad-Hoc|iPhoneSimulator.ActiveCfg = Release|Any CPU
		{CAF8883E-FAD1-4333-8184-215FBE0175B7}.Ad-Hoc|iPhoneSimulator.Build.0 = Release|Any CPU
		{CAF8883E-FAD1-4333-8184-215FBE0175B7}.Ad-Hoc|x64.ActiveCfg = Release|Any CPU
		{CAF8883E-FAD1-4333-8184-215FBE0175B7}.Ad-Hoc|x64.Build.0 = Release|Any CPU
		{CAF8883E-FAD1-4333-8184-215FBE0175B7}.Ad-Hoc|x86.ActiveCfg = Release|Any CPU
		{CAF8883E-FAD1-4333-8184-215FBE0175B7}.Ad-Hoc|x86.Build.0 = Release|Any CPU
		{CAF8883E-FAD1-4333-8184-215FBE0175B7}.AppStore|Any CPU.ActiveCfg = Release|Any CPU
		{CAF8883E-FAD1-4333-8184-215FBE0175B7}.AppStore|Any CPU.Build.0 = Release|Any CPU
		{CAF8883E-FAD1-4333-8184-215FBE0175B7}.AppStore|ARM.ActiveCfg = Release|Any CPU
		{CAF8883E-FAD1-4333-8184-215FBE0175B7}.AppStore|ARM.Build.0 = Release|Any CPU
		{CAF8883E-FAD1-4333-8184-215FBE0175B7}.AppStore|iPhone.ActiveCfg = Release|Any CPU
		{CAF8883E-FAD1-4333-8184-215FBE0175B7}.AppStore|iPhone.Build.0 = Release|Any CPU
		{CAF8883E-FAD1-4333-8184-215FBE0175B7}.AppStore|iPhoneSimulator.ActiveCfg = Release|Any CPU
		{CAF8883E-FAD1-4333-8184-215FBE0175B7}.AppStore|iPhoneSimulator.Build.0 = Release|Any CPU
		{CAF8883E-FAD1-4333-8184-215FBE0175B7}.AppStore|x64.ActiveCfg = Release|Any CPU
		{CAF8883E-FAD1-4333-8184-215FBE0175B7}.AppStore|x64.Build.0 = Release|Any CPU
		{CAF8883E-FAD1-4333-8184-215FBE0175B7}.AppStore|x86.ActiveCfg = Release|Any CPU
		{CAF8883E-FAD1-4333-8184-215FBE0175B7}.AppStore|x86.Build.0 = Release|Any CPU
		{CAF8883E-FAD1-4333-8184-215FBE0175B7}.Debug|Any CPU.ActiveCfg = Debug|Any CPU
		{CAF8883E-FAD1-4333-8184-215FBE0175B7}.Debug|Any CPU.Build.0 = Debug|Any CPU
		{CAF8883E-FAD1-4333-8184-215FBE0175B7}.Debug|ARM.ActiveCfg = Debug|Any CPU
		{CAF8883E-FAD1-4333-8184-215FBE0175B7}.Debug|ARM.Build.0 = Debug|Any CPU
		{CAF8883E-FAD1-4333-8184-215FBE0175B7}.Debug|iPhone.ActiveCfg = Debug|Any CPU
		{CAF8883E-FAD1-4333-8184-215FBE0175B7}.Debug|iPhone.Build.0 = Debug|Any CPU
		{CAF8883E-FAD1-4333-8184-215FBE0175B7}.Debug|iPhoneSimulator.ActiveCfg = Debug|Any CPU
		{CAF8883E-FAD1-4333-8184-215FBE0175B7}.Debug|iPhoneSimulator.Build.0 = Debug|Any CPU
		{CAF8883E-FAD1-4333-8184-215FBE0175B7}.Debug|x64.ActiveCfg = Debug|Any CPU
		{CAF8883E-FAD1-4333-8184-215FBE0175B7}.Debug|x64.Build.0 = Debug|Any CPU
		{CAF8883E-FAD1-4333-8184-215FBE0175B7}.Debug|x86.ActiveCfg = Debug|Any CPU
		{CAF8883E-FAD1-4333-8184-215FBE0175B7}.Debug|x86.Build.0 = Debug|Any CPU
		{CAF8883E-FAD1-4333-8184-215FBE0175B7}.Release|Any CPU.ActiveCfg = Release|Any CPU
		{CAF8883E-FAD1-4333-8184-215FBE0175B7}.Release|Any CPU.Build.0 = Release|Any CPU
		{CAF8883E-FAD1-4333-8184-215FBE0175B7}.Release|ARM.ActiveCfg = Release|Any CPU
		{CAF8883E-FAD1-4333-8184-215FBE0175B7}.Release|ARM.Build.0 = Release|Any CPU
		{CAF8883E-FAD1-4333-8184-215FBE0175B7}.Release|iPhone.ActiveCfg = Release|Any CPU
		{CAF8883E-FAD1-4333-8184-215FBE0175B7}.Release|iPhone.Build.0 = Release|Any CPU
		{CAF8883E-FAD1-4333-8184-215FBE0175B7}.Release|iPhoneSimulator.ActiveCfg = Release|Any CPU
		{CAF8883E-FAD1-4333-8184-215FBE0175B7}.Release|iPhoneSimulator.Build.0 = Release|Any CPU
		{CAF8883E-FAD1-4333-8184-215FBE0175B7}.Release|x64.ActiveCfg = Release|Any CPU
		{CAF8883E-FAD1-4333-8184-215FBE0175B7}.Release|x64.Build.0 = Release|Any CPU
		{CAF8883E-FAD1-4333-8184-215FBE0175B7}.Release|x86.ActiveCfg = Release|Any CPU
		{CAF8883E-FAD1-4333-8184-215FBE0175B7}.Release|x86.Build.0 = Release|Any CPU
		{1E65227D-8CDB-410B-B2A3-EDA07FCAC8C9}.Ad-Hoc|Any CPU.ActiveCfg = Release|Any CPU
		{1E65227D-8CDB-410B-B2A3-EDA07FCAC8C9}.Ad-Hoc|Any CPU.Build.0 = Release|Any CPU
		{1E65227D-8CDB-410B-B2A3-EDA07FCAC8C9}.Ad-Hoc|Any CPU.Deploy.0 = Release|Any CPU
		{1E65227D-8CDB-410B-B2A3-EDA07FCAC8C9}.Ad-Hoc|ARM.ActiveCfg = Release|Any CPU
		{1E65227D-8CDB-410B-B2A3-EDA07FCAC8C9}.Ad-Hoc|ARM.Build.0 = Release|Any CPU
		{1E65227D-8CDB-410B-B2A3-EDA07FCAC8C9}.Ad-Hoc|ARM.Deploy.0 = Release|Any CPU
		{1E65227D-8CDB-410B-B2A3-EDA07FCAC8C9}.Ad-Hoc|iPhone.ActiveCfg = Release|Any CPU
		{1E65227D-8CDB-410B-B2A3-EDA07FCAC8C9}.Ad-Hoc|iPhone.Build.0 = Release|Any CPU
		{1E65227D-8CDB-410B-B2A3-EDA07FCAC8C9}.Ad-Hoc|iPhone.Deploy.0 = Release|Any CPU
		{1E65227D-8CDB-410B-B2A3-EDA07FCAC8C9}.Ad-Hoc|iPhoneSimulator.ActiveCfg = Release|Any CPU
		{1E65227D-8CDB-410B-B2A3-EDA07FCAC8C9}.Ad-Hoc|iPhoneSimulator.Build.0 = Release|Any CPU
		{1E65227D-8CDB-410B-B2A3-EDA07FCAC8C9}.Ad-Hoc|iPhoneSimulator.Deploy.0 = Release|Any CPU
		{1E65227D-8CDB-410B-B2A3-EDA07FCAC8C9}.Ad-Hoc|x64.ActiveCfg = Release|Any CPU
		{1E65227D-8CDB-410B-B2A3-EDA07FCAC8C9}.Ad-Hoc|x64.Build.0 = Release|Any CPU
		{1E65227D-8CDB-410B-B2A3-EDA07FCAC8C9}.Ad-Hoc|x64.Deploy.0 = Release|Any CPU
		{1E65227D-8CDB-410B-B2A3-EDA07FCAC8C9}.Ad-Hoc|x86.ActiveCfg = Release|Any CPU
		{1E65227D-8CDB-410B-B2A3-EDA07FCAC8C9}.Ad-Hoc|x86.Build.0 = Release|Any CPU
		{1E65227D-8CDB-410B-B2A3-EDA07FCAC8C9}.Ad-Hoc|x86.Deploy.0 = Release|Any CPU
		{1E65227D-8CDB-410B-B2A3-EDA07FCAC8C9}.AppStore|Any CPU.ActiveCfg = Release|Any CPU
		{1E65227D-8CDB-410B-B2A3-EDA07FCAC8C9}.AppStore|Any CPU.Build.0 = Release|Any CPU
		{1E65227D-8CDB-410B-B2A3-EDA07FCAC8C9}.AppStore|Any CPU.Deploy.0 = Release|Any CPU
		{1E65227D-8CDB-410B-B2A3-EDA07FCAC8C9}.AppStore|ARM.ActiveCfg = Release|Any CPU
		{1E65227D-8CDB-410B-B2A3-EDA07FCAC8C9}.AppStore|ARM.Build.0 = Release|Any CPU
		{1E65227D-8CDB-410B-B2A3-EDA07FCAC8C9}.AppStore|ARM.Deploy.0 = Release|Any CPU
		{1E65227D-8CDB-410B-B2A3-EDA07FCAC8C9}.AppStore|iPhone.ActiveCfg = Release|Any CPU
		{1E65227D-8CDB-410B-B2A3-EDA07FCAC8C9}.AppStore|iPhone.Build.0 = Release|Any CPU
		{1E65227D-8CDB-410B-B2A3-EDA07FCAC8C9}.AppStore|iPhone.Deploy.0 = Release|Any CPU
		{1E65227D-8CDB-410B-B2A3-EDA07FCAC8C9}.AppStore|iPhoneSimulator.ActiveCfg = Release|Any CPU
		{1E65227D-8CDB-410B-B2A3-EDA07FCAC8C9}.AppStore|iPhoneSimulator.Build.0 = Release|Any CPU
		{1E65227D-8CDB-410B-B2A3-EDA07FCAC8C9}.AppStore|iPhoneSimulator.Deploy.0 = Release|Any CPU
		{1E65227D-8CDB-410B-B2A3-EDA07FCAC8C9}.AppStore|x64.ActiveCfg = Release|Any CPU
		{1E65227D-8CDB-410B-B2A3-EDA07FCAC8C9}.AppStore|x64.Build.0 = Release|Any CPU
		{1E65227D-8CDB-410B-B2A3-EDA07FCAC8C9}.AppStore|x64.Deploy.0 = Release|Any CPU
		{1E65227D-8CDB-410B-B2A3-EDA07FCAC8C9}.AppStore|x86.ActiveCfg = Release|Any CPU
		{1E65227D-8CDB-410B-B2A3-EDA07FCAC8C9}.AppStore|x86.Build.0 = Release|Any CPU
		{1E65227D-8CDB-410B-B2A3-EDA07FCAC8C9}.AppStore|x86.Deploy.0 = Release|Any CPU
		{1E65227D-8CDB-410B-B2A3-EDA07FCAC8C9}.Debug|Any CPU.ActiveCfg = Debug|Any CPU
		{1E65227D-8CDB-410B-B2A3-EDA07FCAC8C9}.Debug|Any CPU.Build.0 = Debug|Any CPU
		{1E65227D-8CDB-410B-B2A3-EDA07FCAC8C9}.Debug|Any CPU.Deploy.0 = Debug|Any CPU
		{1E65227D-8CDB-410B-B2A3-EDA07FCAC8C9}.Debug|ARM.ActiveCfg = Debug|Any CPU
		{1E65227D-8CDB-410B-B2A3-EDA07FCAC8C9}.Debug|ARM.Build.0 = Debug|Any CPU
		{1E65227D-8CDB-410B-B2A3-EDA07FCAC8C9}.Debug|ARM.Deploy.0 = Debug|Any CPU
		{1E65227D-8CDB-410B-B2A3-EDA07FCAC8C9}.Debug|iPhone.ActiveCfg = Debug|Any CPU
		{1E65227D-8CDB-410B-B2A3-EDA07FCAC8C9}.Debug|iPhone.Build.0 = Debug|Any CPU
		{1E65227D-8CDB-410B-B2A3-EDA07FCAC8C9}.Debug|iPhone.Deploy.0 = Debug|Any CPU
		{1E65227D-8CDB-410B-B2A3-EDA07FCAC8C9}.Debug|iPhoneSimulator.ActiveCfg = Debug|Any CPU
		{1E65227D-8CDB-410B-B2A3-EDA07FCAC8C9}.Debug|iPhoneSimulator.Build.0 = Debug|Any CPU
		{1E65227D-8CDB-410B-B2A3-EDA07FCAC8C9}.Debug|iPhoneSimulator.Deploy.0 = Debug|Any CPU
		{1E65227D-8CDB-410B-B2A3-EDA07FCAC8C9}.Debug|x64.ActiveCfg = Debug|Any CPU
		{1E65227D-8CDB-410B-B2A3-EDA07FCAC8C9}.Debug|x64.Build.0 = Debug|Any CPU
		{1E65227D-8CDB-410B-B2A3-EDA07FCAC8C9}.Debug|x64.Deploy.0 = Debug|Any CPU
		{1E65227D-8CDB-410B-B2A3-EDA07FCAC8C9}.Debug|x86.ActiveCfg = Debug|Any CPU
		{1E65227D-8CDB-410B-B2A3-EDA07FCAC8C9}.Debug|x86.Build.0 = Debug|Any CPU
		{1E65227D-8CDB-410B-B2A3-EDA07FCAC8C9}.Debug|x86.Deploy.0 = Debug|Any CPU
		{1E65227D-8CDB-410B-B2A3-EDA07FCAC8C9}.Release|Any CPU.ActiveCfg = Release|Any CPU
		{1E65227D-8CDB-410B-B2A3-EDA07FCAC8C9}.Release|Any CPU.Build.0 = Release|Any CPU
		{1E65227D-8CDB-410B-B2A3-EDA07FCAC8C9}.Release|Any CPU.Deploy.0 = Release|Any CPU
		{1E65227D-8CDB-410B-B2A3-EDA07FCAC8C9}.Release|ARM.ActiveCfg = Release|Any CPU
		{1E65227D-8CDB-410B-B2A3-EDA07FCAC8C9}.Release|ARM.Build.0 = Release|Any CPU
		{1E65227D-8CDB-410B-B2A3-EDA07FCAC8C9}.Release|ARM.Deploy.0 = Release|Any CPU
		{1E65227D-8CDB-410B-B2A3-EDA07FCAC8C9}.Release|iPhone.ActiveCfg = Release|Any CPU
		{1E65227D-8CDB-410B-B2A3-EDA07FCAC8C9}.Release|iPhone.Build.0 = Release|Any CPU
		{1E65227D-8CDB-410B-B2A3-EDA07FCAC8C9}.Release|iPhone.Deploy.0 = Release|Any CPU
		{1E65227D-8CDB-410B-B2A3-EDA07FCAC8C9}.Release|iPhoneSimulator.ActiveCfg = Release|Any CPU
		{1E65227D-8CDB-410B-B2A3-EDA07FCAC8C9}.Release|iPhoneSimulator.Build.0 = Release|Any CPU
		{1E65227D-8CDB-410B-B2A3-EDA07FCAC8C9}.Release|iPhoneSimulator.Deploy.0 = Release|Any CPU
		{1E65227D-8CDB-410B-B2A3-EDA07FCAC8C9}.Release|x64.ActiveCfg = Release|Any CPU
		{1E65227D-8CDB-410B-B2A3-EDA07FCAC8C9}.Release|x64.Build.0 = Release|Any CPU
		{1E65227D-8CDB-410B-B2A3-EDA07FCAC8C9}.Release|x64.Deploy.0 = Release|Any CPU
		{1E65227D-8CDB-410B-B2A3-EDA07FCAC8C9}.Release|x86.ActiveCfg = Release|Any CPU
		{1E65227D-8CDB-410B-B2A3-EDA07FCAC8C9}.Release|x86.Build.0 = Release|Any CPU
		{1E65227D-8CDB-410B-B2A3-EDA07FCAC8C9}.Release|x86.Deploy.0 = Release|Any CPU
		{E28ECE3A-889B-4390-B5EC-52E850106E36}.Ad-Hoc|Any CPU.ActiveCfg = Ad-Hoc|iPhoneSimulator
		{E28ECE3A-889B-4390-B5EC-52E850106E36}.Ad-Hoc|ARM.ActiveCfg = Ad-Hoc|iPhone
		{E28ECE3A-889B-4390-B5EC-52E850106E36}.Ad-Hoc|iPhone.ActiveCfg = Ad-Hoc|iPhone
		{E28ECE3A-889B-4390-B5EC-52E850106E36}.Ad-Hoc|iPhone.Build.0 = Ad-Hoc|iPhone
		{E28ECE3A-889B-4390-B5EC-52E850106E36}.Ad-Hoc|iPhoneSimulator.ActiveCfg = Ad-Hoc|iPhoneSimulator
		{E28ECE3A-889B-4390-B5EC-52E850106E36}.Ad-Hoc|iPhoneSimulator.Build.0 = Ad-Hoc|iPhoneSimulator
		{E28ECE3A-889B-4390-B5EC-52E850106E36}.Ad-Hoc|x64.ActiveCfg = Ad-Hoc|iPhone
		{E28ECE3A-889B-4390-B5EC-52E850106E36}.Ad-Hoc|x86.ActiveCfg = Ad-Hoc|iPhone
		{E28ECE3A-889B-4390-B5EC-52E850106E36}.AppStore|Any CPU.ActiveCfg = AppStore|iPhoneSimulator
		{E28ECE3A-889B-4390-B5EC-52E850106E36}.AppStore|ARM.ActiveCfg = AppStore|iPhone
		{E28ECE3A-889B-4390-B5EC-52E850106E36}.AppStore|iPhone.ActiveCfg = AppStore|iPhone
		{E28ECE3A-889B-4390-B5EC-52E850106E36}.AppStore|iPhone.Build.0 = AppStore|iPhone
		{E28ECE3A-889B-4390-B5EC-52E850106E36}.AppStore|iPhoneSimulator.ActiveCfg = AppStore|iPhoneSimulator
		{E28ECE3A-889B-4390-B5EC-52E850106E36}.AppStore|iPhoneSimulator.Build.0 = AppStore|iPhoneSimulator
		{E28ECE3A-889B-4390-B5EC-52E850106E36}.AppStore|x64.ActiveCfg = AppStore|iPhone
		{E28ECE3A-889B-4390-B5EC-52E850106E36}.AppStore|x86.ActiveCfg = AppStore|iPhone
		{E28ECE3A-889B-4390-B5EC-52E850106E36}.Debug|Any CPU.ActiveCfg = Debug|iPhoneSimulator
		{E28ECE3A-889B-4390-B5EC-52E850106E36}.Debug|ARM.ActiveCfg = Debug|iPhone
		{E28ECE3A-889B-4390-B5EC-52E850106E36}.Debug|iPhone.ActiveCfg = Debug|iPhone
		{E28ECE3A-889B-4390-B5EC-52E850106E36}.Debug|iPhone.Build.0 = Debug|iPhone
		{E28ECE3A-889B-4390-B5EC-52E850106E36}.Debug|iPhoneSimulator.ActiveCfg = Debug|iPhoneSimulator
		{E28ECE3A-889B-4390-B5EC-52E850106E36}.Debug|iPhoneSimulator.Build.0 = Debug|iPhoneSimulator
		{E28ECE3A-889B-4390-B5EC-52E850106E36}.Debug|x64.ActiveCfg = Debug|iPhone
		{E28ECE3A-889B-4390-B5EC-52E850106E36}.Debug|x86.ActiveCfg = Debug|iPhone
		{E28ECE3A-889B-4390-B5EC-52E850106E36}.Release|Any CPU.ActiveCfg = Release|iPhoneSimulator
		{E28ECE3A-889B-4390-B5EC-52E850106E36}.Release|ARM.ActiveCfg = Release|iPhone
		{E28ECE3A-889B-4390-B5EC-52E850106E36}.Release|iPhone.ActiveCfg = Release|iPhone
		{E28ECE3A-889B-4390-B5EC-52E850106E36}.Release|iPhone.Build.0 = Release|iPhone
		{E28ECE3A-889B-4390-B5EC-52E850106E36}.Release|iPhoneSimulator.ActiveCfg = Release|iPhoneSimulator
		{E28ECE3A-889B-4390-B5EC-52E850106E36}.Release|iPhoneSimulator.Build.0 = Release|iPhoneSimulator
		{E28ECE3A-889B-4390-B5EC-52E850106E36}.Release|x64.ActiveCfg = Release|iPhone
		{E28ECE3A-889B-4390-B5EC-52E850106E36}.Release|x86.ActiveCfg = Release|iPhone
	EndGlobalSection
	GlobalSection(SolutionProperties) = preSolution
		HideSolutionNode = FALSE
	EndGlobalSection
	GlobalSection(ExtensibilityGlobals) = postSolution
		SolutionGuid = {5AF5AF2A-D7F2-40D2-BC3F-1484979DA4F7}
	EndGlobalSection
EndGlobal
